// !$*UTF8*$!
{
	archiveVersion = 1;
	classes = {
	};
	objectVersion = 56;
	objects = {

/* Begin PBXBuildFile section */
		EA53399C2C123BFA00179693 /* SignUpView.swift in Sources */ = {isa = PBXBuildFile; fileRef = EA53399B2C123BFA00179693 /* SignUpView.swift */; };
		EA5339A12C12458700179693 /* ViewExtensions.swift in Sources */ = {isa = PBXBuildFile; fileRef = EA5339A02C12458700179693 /* ViewExtensions.swift */; };
		EA5339A32C124C3D00179693 /* AppState.swift in Sources */ = {isa = PBXBuildFile; fileRef = EA5339A22C124C3D00179693 /* AppState.swift */; };
		EAB389202C11E22C00BE6614 /* IncogniaLoginIOSApp.swift in Sources */ = {isa = PBXBuildFile; fileRef = EAB3891F2C11E22C00BE6614 /* IncogniaLoginIOSApp.swift */; };
		EAB389222C11E22C00BE6614 /* LoginView.swift in Sources */ = {isa = PBXBuildFile; fileRef = EAB389212C11E22C00BE6614 /* LoginView.swift */; };
		EAB389242C11E22E00BE6614 /* Assets.xcassets in Resources */ = {isa = PBXBuildFile; fileRef = EAB389232C11E22E00BE6614 /* Assets.xcassets */; };
		EAB389272C11E22E00BE6614 /* Preview Assets.xcassets in Resources */ = {isa = PBXBuildFile; fileRef = EAB389262C11E22E00BE6614 /* Preview Assets.xcassets */; };
		EAB3892E2C11E7DC00BE6614 /* HomeView.swift in Sources */ = {isa = PBXBuildFile; fileRef = EAB3892D2C11E7DC00BE6614 /* HomeView.swift */; };
		EAB389312C11ED2F00BE6614 /* AccountData.swift in Sources */ = {isa = PBXBuildFile; fileRef = EAB389302C11ED2F00BE6614 /* AccountData.swift */; };
/* End PBXBuildFile section */

/* Begin PBXFileReference section */
		EA53399B2C123BFA00179693 /* SignUpView.swift */ = {isa = PBXFileReference; lastKnownFileType = sourcecode.swift; path = SignUpView.swift; sourceTree = "<group>"; };
		EA5339A02C12458700179693 /* ViewExtensions.swift */ = {isa = PBXFileReference; lastKnownFileType = sourcecode.swift; path = ViewExtensions.swift; sourceTree = "<group>"; };
		EA5339A22C124C3D00179693 /* AppState.swift */ = {isa = PBXFileReference; lastKnownFileType = sourcecode.swift; path = AppState.swift; sourceTree = "<group>"; };
		EAB3891C2C11E22C00BE6614 /* IncogniaLoginIOS.app */ = {isa = PBXFileReference; explicitFileType = wrapper.application; includeInIndex = 0; path = IncogniaLoginIOS.app; sourceTree = BUILT_PRODUCTS_DIR; };
		EAB3891F2C11E22C00BE6614 /* IncogniaLoginIOSApp.swift */ = {isa = PBXFileReference; lastKnownFileType = sourcecode.swift; path = IncogniaLoginIOSApp.swift; sourceTree = "<group>"; };
		EAB389212C11E22C00BE6614 /* LoginView.swift */ = {isa = PBXFileReference; lastKnownFileType = sourcecode.swift; path = LoginView.swift; sourceTree = "<group>"; };
		EAB389232C11E22E00BE6614 /* Assets.xcassets */ = {isa = PBXFileReference; lastKnownFileType = folder.assetcatalog; path = Assets.xcassets; sourceTree = "<group>"; };
		EAB389262C11E22E00BE6614 /* Preview Assets.xcassets */ = {isa = PBXFileReference; lastKnownFileType = folder.assetcatalog; path = "Preview Assets.xcassets"; sourceTree = "<group>"; };
		EAB3892D2C11E7DC00BE6614 /* HomeView.swift */ = {isa = PBXFileReference; lastKnownFileType = sourcecode.swift; path = HomeView.swift; sourceTree = "<group>"; };
		EAB389302C11ED2F00BE6614 /* AccountData.swift */ = {isa = PBXFileReference; lastKnownFileType = sourcecode.swift; path = AccountData.swift; sourceTree = "<group>"; };
/* End PBXFileReference section */

/* Begin PBXFrameworksBuildPhase section */
		EAB389192C11E22C00BE6614 /* Frameworks */ = {
			isa = PBXFrameworksBuildPhase;
			buildActionMask = 2147483647;
			files = (
			);
			runOnlyForDeploymentPostprocessing = 0;
		};
/* End PBXFrameworksBuildPhase section */

/* Begin PBXGroup section */
		EA53399D2C1241D800179693 /* Tools */ = {
			isa = PBXGroup;
			children = (
				EA5339A02C12458700179693 /* ViewExtensions.swift */,
				EA5339A22C124C3D00179693 /* AppState.swift */,
			);
			path = Tools;
			sourceTree = "<group>";
		};
		EAB389132C11E22C00BE6614 = {
			isa = PBXGroup;
			children = (
				EAB3891E2C11E22C00BE6614 /* IncogniaLoginIOS */,
				EAB3891D2C11E22C00BE6614 /* Products */,
			);
			sourceTree = "<group>";
		};
		EAB3891D2C11E22C00BE6614 /* Products */ = {
			isa = PBXGroup;
			children = (
				EAB3891C2C11E22C00BE6614 /* IncogniaLoginIOS.app */,
			);
			name = Products;
			sourceTree = "<group>";
		};
		EAB3891E2C11E22C00BE6614 /* IncogniaLoginIOS */ = {
			isa = PBXGroup;
			children = (
				EA53399D2C1241D800179693 /* Tools */,
				EAB3892F2C11ECF700BE6614 /* Database */,
				EAB3891F2C11E22C00BE6614 /* IncogniaLoginIOSApp.swift */,
				EAB389212C11E22C00BE6614 /* LoginView.swift */,
				EAB3892D2C11E7DC00BE6614 /* HomeView.swift */,
				EA53399B2C123BFA00179693 /* SignUpView.swift */,
				EAB389232C11E22E00BE6614 /* Assets.xcassets */,
				EAB389252C11E22E00BE6614 /* Preview Content */,
			);
			path = IncogniaLoginIOS;
			sourceTree = "<group>";
		};
		EAB389252C11E22E00BE6614 /* Preview Content */ = {
			isa = PBXGroup;
			children = (
				EAB389262C11E22E00BE6614 /* Preview Assets.xcassets */,
			);
			path = "Preview Content";
			sourceTree = "<group>";
		};
		EAB3892F2C11ECF700BE6614 /* Database */ = {
			isa = PBXGroup;
			children = (
				EAB389302C11ED2F00BE6614 /* AccountData.swift */,
			);
			path = Database;
			sourceTree = "<group>";
		};
/* End PBXGroup section */

/* Begin PBXNativeTarget section */
		EAB3891B2C11E22C00BE6614 /* IncogniaLoginIOS */ = {
			isa = PBXNativeTarget;
			buildConfigurationList = EAB3892A2C11E22E00BE6614 /* Build configuration list for PBXNativeTarget "IncogniaLoginIOS" */;
			buildPhases = (
				EAB389182C11E22C00BE6614 /* Sources */,
				EAB389192C11E22C00BE6614 /* Frameworks */,
				EAB3891A2C11E22C00BE6614 /* Resources */,
			);
			buildRules = (
			);
			dependencies = (
			);
			name = IncogniaLoginIOS;
			productName = IncogniaLoginIOS;
			productReference = EAB3891C2C11E22C00BE6614 /* IncogniaLoginIOS.app */;
			productType = "com.apple.product-type.application";
		};
/* End PBXNativeTarget section */

/* Begin PBXProject section */
		EAB389142C11E22C00BE6614 /* Project object */ = {
			isa = PBXProject;
			attributes = {
				BuildIndependentTargetsInParallel = 1;
				LastSwiftUpdateCheck = 1540;
				LastUpgradeCheck = 1540;
				TargetAttributes = {
					EAB3891B2C11E22C00BE6614 = {
						CreatedOnToolsVersion = 15.4;
					};
				};
			};
			buildConfigurationList = EAB389172C11E22C00BE6614 /* Build configuration list for PBXProject "IncogniaLoginIOS" */;
			compatibilityVersion = "Xcode 14.0";
			developmentRegion = en;
			hasScannedForEncodings = 0;
			knownRegions = (
				en,
				Base,
			);
			mainGroup = EAB389132C11E22C00BE6614;
			productRefGroup = EAB3891D2C11E22C00BE6614 /* Products */;
			projectDirPath = "";
			projectRoot = "";
			targets = (
				EAB3891B2C11E22C00BE6614 /* IncogniaLoginIOS */,
			);
		};
/* End PBXProject section */

/* Begin PBXResourcesBuildPhase section */
		EAB3891A2C11E22C00BE6614 /* Resources */ = {
			isa = PBXResourcesBuildPhase;
			buildActionMask = 2147483647;
			files = (
				EAB389272C11E22E00BE6614 /* Preview Assets.xcassets in Resources */,
				EAB389242C11E22E00BE6614 /* Assets.xcassets in Resources */,
			);
			runOnlyForDeploymentPostprocessing = 0;
		};
/* End PBXResourcesBuildPhase section */

/* Begin PBXSourcesBuildPhase section */
		EAB389182C11E22C00BE6614 /* Sources */ = {
			isa = PBXSourcesBuildPhase;
			buildActionMask = 2147483647;
			files = (
				EAB3892E2C11E7DC00BE6614 /* HomeView.swift in Sources */,
				EA5339A12C12458700179693 /* ViewExtensions.swift in Sources */,
				EA5339A32C124C3D00179693 /* AppState.swift in Sources */,
				EA53399C2C123BFA00179693 /* SignUpView.swift in Sources */,
				EAB389222C11E22C00BE6614 /* LoginView.swift in Sources */,
				EAB389202C11E22C00BE6614 /* IncogniaLoginIOSApp.swift in Sources */,
				EAB389312C11ED2F00BE6614 /* AccountData.swift in Sources */,
			);
			runOnlyForDeploymentPostprocessing = 0;
		};
/* End PBXSourcesBuildPhase section */

/* Begin XCBuildConfiguration section */
		EAB389282C11E22E00BE6614 /* Debug */ = {
			isa = XCBuildConfiguration;
			buildSettings = {
				ALWAYS_SEARCH_USER_PATHS = NO;
				ASSETCATALOG_COMPILER_GENERATE_SWIFT_ASSET_SYMBOL_EXTENSIONS = YES;
				CLANG_ANALYZER_NONNULL = YES;
				CLANG_ANALYZER_NUMBER_OBJECT_CONVERSION = YES_AGGRESSIVE;
				CLANG_CXX_LANGUAGE_STANDARD = "gnu++20";
				CLANG_ENABLE_MODULES = YES;
				CLANG_ENABLE_OBJC_ARC = YES;
				CLANG_ENABLE_OBJC_WEAK = YES;
				CLANG_WARN_BLOCK_CAPTURE_AUTORELEASING = YES;
				CLANG_WARN_BOOL_CONVERSION = YES;
				CLANG_WARN_COMMA = YES;
				CLANG_WARN_CONSTANT_CONVERSION = YES;
				CLANG_WARN_DEPRECATED_OBJC_IMPLEMENTATIONS = YES;
				CLANG_WARN_DIRECT_OBJC_ISA_USAGE = YES_ERROR;
				CLANG_WARN_DOCUMENTATION_COMMENTS = YES;
				CLANG_WARN_EMPTY_BODY = YES;
				CLANG_WARN_ENUM_CONVERSION = YES;
				CLANG_WARN_INFINITE_RECURSION = YES;
				CLANG_WARN_INT_CONVERSION = YES;
				CLANG_WARN_NON_LITERAL_NULL_CONVERSION = YES;
				CLANG_WARN_OBJC_IMPLICIT_RETAIN_SELF = YES;
				CLANG_WARN_OBJC_LITERAL_CONVERSION = YES;
				CLANG_WARN_OBJC_ROOT_CLASS = YES_ERROR;
				CLANG_WARN_QUOTED_INCLUDE_IN_FRAMEWORK_HEADER = YES;
				CLANG_WARN_RANGE_LOOP_ANALYSIS = YES;
				CLANG_WARN_STRICT_PROTOTYPES = YES;
				CLANG_WARN_SUSPICIOUS_MOVE = YES;
				CLANG_WARN_UNGUARDED_AVAILABILITY = YES_AGGRESSIVE;
				CLANG_WARN_UNREACHABLE_CODE = YES;
				CLANG_WARN__DUPLICATE_METHOD_MATCH = YES;
				COPY_PHASE_STRIP = NO;
				DEBUG_INFORMATION_FORMAT = dwarf;
				ENABLE_STRICT_OBJC_MSGSEND = YES;
				ENABLE_TESTABILITY = YES;
				ENABLE_USER_SCRIPT_SANDBOXING = YES;
				GCC_C_LANGUAGE_STANDARD = gnu17;
				GCC_DYNAMIC_NO_PIC = NO;
				GCC_NO_COMMON_BLOCKS = YES;
				GCC_OPTIMIZATION_LEVEL = 0;
				GCC_PREPROCESSOR_DEFINITIONS = (
					"DEBUG=1",
					"$(inherited)",
				);
				GCC_WARN_64_TO_32_BIT_CONVERSION = YES;
				GCC_WARN_ABOUT_RETURN_TYPE = YES_ERROR;
				GCC_WARN_UNDECLARED_SELECTOR = YES;
				GCC_WARN_UNINITIALIZED_AUTOS = YES_AGGRESSIVE;
				GCC_WARN_UNUSED_FUNCTION = YES;
				GCC_WARN_UNUSED_VARIABLE = YES;
				IPHONEOS_DEPLOYMENT_TARGET = 17.5;
				LOCALIZATION_PREFERS_STRING_CATALOGS = YES;
				MTL_ENABLE_DEBUG_INFO = INCLUDE_SOURCE;
				MTL_FAST_MATH = YES;
				ONLY_ACTIVE_ARCH = YES;
				SDKROOT = iphoneos;
				SWIFT_ACTIVE_COMPILATION_CONDITIONS = "DEBUG $(inherited)";
				SWIFT_OPTIMIZATION_LEVEL = "-Onone";
			};
			name = Debug;
		};
		EAB389292C11E22E00BE6614 /* Release */ = {
			isa = XCBuildConfiguration;
			buildSettings = {
				ALWAYS_SEARCH_USER_PATHS = NO;
				ASSETCATALOG_COMPILER_GENERATE_SWIFT_ASSET_SYMBOL_EXTENSIONS = YES;
				CLANG_ANALYZER_NONNULL = YES;
				CLANG_ANALYZER_NUMBER_OBJECT_CONVERSION = YES_AGGRESSIVE;
				CLANG_CXX_LANGUAGE_STANDARD = "gnu++20";
				CLANG_ENABLE_MODULES = YES;
				CLANG_ENABLE_OBJC_ARC = YES;
				CLANG_ENABLE_OBJC_WEAK = YES;
				CLANG_WARN_BLOCK_CAPTURE_AUTORELEASING = YES;
				CLANG_WARN_BOOL_CONVERSION = YES;
				CLANG_WARN_COMMA = YES;
				CLANG_WARN_CONSTANT_CONVERSION = YES;
				CLANG_WARN_DEPRECATED_OBJC_IMPLEMENTATIONS = YES;
				CLANG_WARN_DIRECT_OBJC_ISA_USAGE = YES_ERROR;
				CLANG_WARN_DOCUMENTATION_COMMENTS = YES;
				CLANG_WARN_EMPTY_BODY = YES;
				CLANG_WARN_ENUM_CONVERSION = YES;
				CLANG_WARN_INFINITE_RECURSION = YES;
				CLANG_WARN_INT_CONVERSION = YES;
				CLANG_WARN_NON_LITERAL_NULL_CONVERSION = YES;
				CLANG_WARN_OBJC_IMPLICIT_RETAIN_SELF = YES;
				CLANG_WARN_OBJC_LITERAL_CONVERSION = YES;
				CLANG_WARN_OBJC_ROOT_CLASS = YES_ERROR;
				CLANG_WARN_QUOTED_INCLUDE_IN_FRAMEWORK_HEADER = YES;
				CLANG_WARN_RANGE_LOOP_ANALYSIS = YES;
				CLANG_WARN_STRICT_PROTOTYPES = YES;
				CLANG_WARN_SUSPICIOUS_MOVE = YES;
				CLANG_WARN_UNGUARDED_AVAILABILITY = YES_AGGRESSIVE;
				CLANG_WARN_UNREACHABLE_CODE = YES;
				CLANG_WARN__DUPLICATE_METHOD_MATCH = YES;
				COPY_PHASE_STRIP = NO;
				DEBUG_INFORMATION_FORMAT = "dwarf-with-dsym";
				ENABLE_NS_ASSERTIONS = NO;
				ENABLE_STRICT_OBJC_MSGSEND = YES;
				ENABLE_USER_SCRIPT_SANDBOXING = YES;
				GCC_C_LANGUAGE_STANDARD = gnu17;
				GCC_NO_COMMON_BLOCKS = YES;
				GCC_WARN_64_TO_32_BIT_CONVERSION = YES;
				GCC_WARN_ABOUT_RETURN_TYPE = YES_ERROR;
				GCC_WARN_UNDECLARED_SELECTOR = YES;
				GCC_WARN_UNINITIALIZED_AUTOS = YES_AGGRESSIVE;
				GCC_WARN_UNUSED_FUNCTION = YES;
				GCC_WARN_UNUSED_VARIABLE = YES;
				IPHONEOS_DEPLOYMENT_TARGET = 17.5;
				LOCALIZATION_PREFERS_STRING_CATALOGS = YES;
				MTL_ENABLE_DEBUG_INFO = NO;
				MTL_FAST_MATH = YES;
				SDKROOT = iphoneos;
				SWIFT_COMPILATION_MODE = wholemodule;
				VALIDATE_PRODUCT = YES;
			};
			name = Release;
		};
		EAB3892B2C11E22E00BE6614 /* Debug */ = {
			isa = XCBuildConfiguration;
			buildSettings = {
				ASSETCATALOG_COMPILER_APPICON_NAME = AppIcon;
				ASSETCATALOG_COMPILER_GLOBAL_ACCENT_COLOR_NAME = AccentColor;
				CODE_SIGN_STYLE = Automatic;
				CURRENT_PROJECT_VERSION = 1;
				DEVELOPMENT_ASSET_PATHS = "\"IncogniaLoginIOS/Preview Content\"";
				DEVELOPMENT_TEAM = L2X4CZJ2U2;
				ENABLE_PREVIEWS = YES;
				GENERATE_INFOPLIST_FILE = YES;
				INFOPLIST_KEY_NSLocationWhenInUseUsageDescription = "To keep your account secure we use your location information. Do you allow us and our security partner, Incognia, to have access to your location information?";
				INFOPLIST_KEY_UIApplicationSceneManifest_Generation = YES;
				INFOPLIST_KEY_UIApplicationSupportsIndirectInputEvents = YES;
				INFOPLIST_KEY_UILaunchScreen_Generation = YES;
				INFOPLIST_KEY_UISupportedInterfaceOrientations_iPad = "UIInterfaceOrientationPortrait UIInterfaceOrientationPortraitUpsideDown UIInterfaceOrientationLandscapeLeft UIInterfaceOrientationLandscapeRight";
				INFOPLIST_KEY_UISupportedInterfaceOrientations_iPhone = "UIInterfaceOrientationPortrait UIInterfaceOrientationLandscapeLeft UIInterfaceOrientationLandscapeRight";
				INFOPLIST_KEY_UIUserInterfaceStyle = Light;
				LD_RUNPATH_SEARCH_PATHS = (
					"$(inherited)",
					"@executable_path/Frameworks",
				);
				MARKETING_VERSION = 1.0;
				PRODUCT_BUNDLE_IDENTIFIER = com.incognia.IncogniaLoginIOS;
				PRODUCT_NAME = "$(TARGET_NAME)";
				SWIFT_EMIT_LOC_STRINGS = YES;
				SWIFT_VERSION = 5.0;
				TARGETED_DEVICE_FAMILY = "1,2";
			};
			name = Debug;
		};
		EAB3892C2C11E22E00BE6614 /* Release */ = {
			isa = XCBuildConfiguration;
			buildSettings = {
				ASSETCATALOG_COMPILER_APPICON_NAME = AppIcon;
				ASSETCATALOG_COMPILER_GLOBAL_ACCENT_COLOR_NAME = AccentColor;
				CODE_SIGN_STYLE = Automatic;
				CURRENT_PROJECT_VERSION = 1;
				DEVELOPMENT_ASSET_PATHS = "\"IncogniaLoginIOS/Preview Content\"";
				DEVELOPMENT_TEAM = L2X4CZJ2U2;
				ENABLE_PREVIEWS = YES;
				GENERATE_INFOPLIST_FILE = YES;
				INFOPLIST_KEY_NSLocationWhenInUseUsageDescription = "To keep your account secure we use your location information. Do you allow us and our security partner, Incognia, to have access to your location information?";
				INFOPLIST_KEY_UIApplicationSceneManifest_Generation = YES;
				INFOPLIST_KEY_UIApplicationSupportsIndirectInputEvents = YES;
				INFOPLIST_KEY_UILaunchScreen_Generation = YES;
				INFOPLIST_KEY_UISupportedInterfaceOrientations_iPad = "UIInterfaceOrientationPortrait UIInterfaceOrientationPortraitUpsideDown UIInterfaceOrientationLandscapeLeft UIInterfaceOrientationLandscapeRight";
				INFOPLIST_KEY_UISupportedInterfaceOrientations_iPhone = "UIInterfaceOrientationPortrait UIInterfaceOrientationLandscapeLeft UIInterfaceOrientationLandscapeRight";
				INFOPLIST_KEY_UIUserInterfaceStyle = Light;
				LD_RUNPATH_SEARCH_PATHS = (
					"$(inherited)",
					"@executable_path/Frameworks",
				);
				MARKETING_VERSION = 1.0;
				PRODUCT_BUNDLE_IDENTIFIER = com.incognia.IncogniaLoginIOS;
				PRODUCT_NAME = "$(TARGET_NAME)";
				SWIFT_EMIT_LOC_STRINGS = YES;
				SWIFT_VERSION = 5.0;
				TARGETED_DEVICE_FAMILY = "1,2";
			};
			name = Release;
		};
/* End XCBuildConfiguration section */

/* Begin XCConfigurationList section */
		EAB389172C11E22C00BE6614 /* Build configuration list for PBXProject "IncogniaLoginIOS" */ = {
			isa = XCConfigurationList;
			buildConfigurations = (
				EAB389282C11E22E00BE6614 /* Debug */,
				EAB389292C11E22E00BE6614 /* Release */,
			);
			defaultConfigurationIsVisible = 0;
			defaultConfigurationName = Release;
		};
		EAB3892A2C11E22E00BE6614 /* Build configuration list for PBXNativeTarget "IncogniaLoginIOS" */ = {
			isa = XCConfigurationList;
			buildConfigurations = (
				EAB3892B2C11E22E00BE6614 /* Debug */,
				EAB3892C2C11E22E00BE6614 /* Release */,
			);
			defaultConfigurationIsVisible = 0;
			defaultConfigurationName = Release;
		};
/* End XCConfigurationList section */
	};
	rootObject = EAB389142C11E22C00BE6614 /* Project object */;
}
